// !$*UTF8*$!
{
	archiveVersion = 1;
	classes = {
	};
	objectVersion = 77;
	objects = {

/* Begin PBXBuildFile section */
		AD8DE1EA136DC9C0A8E5DB0B /* Pods_MyBitmovinPlayer.framework in Frameworks */ = {isa = PBXBuildFile; fileRef = C7AEBB47C449595580872BCA /* Pods_MyBitmovinPlayer.framework */; };
/* End PBXBuildFile section */

/* Begin PBXContainerItemProxy section */
		C94FEA4B2D12EE7200C187FF /* PBXContainerItemProxy */ = {
			isa = PBXContainerItemProxy;
			containerPortal = C94FEA312D12EE7100C187FF /* Project object */;
			proxyType = 1;
			remoteGlobalIDString = C94FEA382D12EE7100C187FF;
			remoteInfo = MyBitmovinPlayer;
		};
		C94FEA552D12EE7200C187FF /* PBXContainerItemProxy */ = {
			isa = PBXContainerItemProxy;
			containerPortal = C94FEA312D12EE7100C187FF /* Project object */;
			proxyType = 1;
			remoteGlobalIDString = C94FEA382D12EE7100C187FF;
			remoteInfo = MyBitmovinPlayer;
		};
/* End PBXContainerItemProxy section */

/* Begin PBXCopyFilesBuildPhase section */
		C94FEAD42D131EA000C187FF /* Embed Frameworks */ = {
			isa = PBXCopyFilesBuildPhase;
			buildActionMask = 2147483647;
			dstPath = "";
			dstSubfolderSpec = 10;
			files = (
			);
			name = "Embed Frameworks";
			runOnlyForDeploymentPostprocessing = 0;
		};
/* End PBXCopyFilesBuildPhase section */

/* Begin PBXFileReference section */
		4E2A49D6EC6AE1F0F72F54DD /* Pods-MyBitmovinPlayer.release.xcconfig */ = {isa = PBXFileReference; includeInIndex = 1; lastKnownFileType = text.xcconfig; name = "Pods-MyBitmovinPlayer.release.xcconfig"; path = "Target Support Files/Pods-MyBitmovinPlayer/Pods-MyBitmovinPlayer.release.xcconfig"; sourceTree = "<group>"; };
		7A98DC21148477B8C1B066DE /* Pods-MyBitmovinPlayer.debug.xcconfig */ = {isa = PBXFileReference; includeInIndex = 1; lastKnownFileType = text.xcconfig; name = "Pods-MyBitmovinPlayer.debug.xcconfig"; path = "Target Support Files/Pods-MyBitmovinPlayer/Pods-MyBitmovinPlayer.debug.xcconfig"; sourceTree = "<group>"; };
		C7AEBB47C449595580872BCA /* Pods_MyBitmovinPlayer.framework */ = {isa = PBXFileReference; explicitFileType = wrapper.framework; includeInIndex = 0; path = Pods_MyBitmovinPlayer.framework; sourceTree = BUILT_PRODUCTS_DIR; };
		C94FEA392D12EE7100C187FF /* MyBitmovinPlayer.app */ = {isa = PBXFileReference; explicitFileType = wrapper.application; includeInIndex = 0; path = MyBitmovinPlayer.app; sourceTree = BUILT_PRODUCTS_DIR; };
		C94FEA4A2D12EE7200C187FF /* MyBitmovinPlayerTests.xctest */ = {isa = PBXFileReference; explicitFileType = wrapper.cfbundle; includeInIndex = 0; path = MyBitmovinPlayerTests.xctest; sourceTree = BUILT_PRODUCTS_DIR; };
		C94FEA542D12EE7200C187FF /* MyBitmovinPlayerUITests.xctest */ = {isa = PBXFileReference; explicitFileType = wrapper.cfbundle; includeInIndex = 0; path = MyBitmovinPlayerUITests.xctest; sourceTree = BUILT_PRODUCTS_DIR; };
		C94FEAD12D131EA000C187FF /* BitmovinPlayer.xcframework */ = {isa = PBXFileReference; lastKnownFileType = wrapper.xcframework; name = BitmovinPlayer.xcframework; path = Pods/BitmovinPlayer/BitmovinPlayer.xcframework; sourceTree = "<group>"; };
/* End PBXFileReference section */

/* Begin PBXFileSystemSynchronizedBuildFileExceptionSet section */
		C94FEAD62D13202400C187FF /* Exceptions for "MyBitmovinPlayer" folder in "MyBitmovinPlayer" target */ = {
			isa = PBXFileSystemSynchronizedBuildFileExceptionSet;
			membershipExceptions = (
				Info.plist,
			);
			target = C94FEA382D12EE7100C187FF /* MyBitmovinPlayer */;
		};
/* End PBXFileSystemSynchronizedBuildFileExceptionSet section */

/* Begin PBXFileSystemSynchronizedRootGroup section */
		C94FEA3B2D12EE7100C187FF /* MyBitmovinPlayer */ = {
			isa = PBXFileSystemSynchronizedRootGroup;
			exceptions = (
				C94FEAD62D13202400C187FF /* Exceptions for "MyBitmovinPlayer" folder in "MyBitmovinPlayer" target */,
			);
			path = MyBitmovinPlayer;
			sourceTree = "<group>";
		};
		C94FEA4D2D12EE7200C187FF /* MyBitmovinPlayerTests */ = {
			isa = PBXFileSystemSynchronizedRootGroup;
			path = MyBitmovinPlayerTests;
			sourceTree = "<group>";
		};
		C94FEA572D12EE7200C187FF /* MyBitmovinPlayerUITests */ = {
			isa = PBXFileSystemSynchronizedRootGroup;
			path = MyBitmovinPlayerUITests;
			sourceTree = "<group>";
		};
/* End PBXFileSystemSynchronizedRootGroup section */

/* Begin PBXFrameworksBuildPhase section */
		C94FEA362D12EE7100C187FF /* Frameworks */ = {
			isa = PBXFrameworksBuildPhase;
			buildActionMask = 2147483647;
			files = (
				AD8DE1EA136DC9C0A8E5DB0B /* Pods_MyBitmovinPlayer.framework in Frameworks */,
			);
			runOnlyForDeploymentPostprocessing = 0;
		};
		C94FEA472D12EE7200C187FF /* Frameworks */ = {
			isa = PBXFrameworksBuildPhase;
			buildActionMask = 2147483647;
			files = (
			);
			runOnlyForDeploymentPostprocessing = 0;
		};
		C94FEA512D12EE7200C187FF /* Frameworks */ = {
			isa = PBXFrameworksBuildPhase;
			buildActionMask = 2147483647;
			files = (
			);
			runOnlyForDeploymentPostprocessing = 0;
		};
/* End PBXFrameworksBuildPhase section */

/* Begin PBXGroup section */
		89769BC143AEA3AFF9ED69B2 /* Frameworks */ = {
			isa = PBXGroup;
			children = (
				C94FEAD12D131EA000C187FF /* BitmovinPlayer.xcframework */,
				C7AEBB47C449595580872BCA /* Pods_MyBitmovinPlayer.framework */,
			);
			name = Frameworks;
			sourceTree = "<group>";
		};
		C94FEA302D12EE7100C187FF = {
			isa = PBXGroup;
			children = (
				C94FEA3B2D12EE7100C187FF /* MyBitmovinPlayer */,
				C94FEA4D2D12EE7200C187FF /* MyBitmovinPlayerTests */,
				C94FEA572D12EE7200C187FF /* MyBitmovinPlayerUITests */,
				C94FEA3A2D12EE7100C187FF /* Products */,
				FD3C1ECC97D2F5785E6D18D8 /* Pods */,
				89769BC143AEA3AFF9ED69B2 /* Frameworks */,
			);
			sourceTree = "<group>";
		};
		C94FEA3A2D12EE7100C187FF /* Products */ = {
			isa = PBXGroup;
			children = (
				C94FEA392D12EE7100C187FF /* MyBitmovinPlayer.app */,
				C94FEA4A2D12EE7200C187FF /* MyBitmovinPlayerTests.xctest */,
				C94FEA542D12EE7200C187FF /* MyBitmovinPlayerUITests.xctest */,
			);
			name = Products;
			sourceTree = "<group>";
		};
		FD3C1ECC97D2F5785E6D18D8 /* Pods */ = {
			isa = PBXGroup;
			children = (
				7A98DC21148477B8C1B066DE /* Pods-MyBitmovinPlayer.debug.xcconfig */,
				4E2A49D6EC6AE1F0F72F54DD /* Pods-MyBitmovinPlayer.release.xcconfig */,
			);
			path = Pods;
			sourceTree = "<group>";
		};
/* End PBXGroup section */

/* Begin PBXNativeTarget section */
		C94FEA382D12EE7100C187FF /* MyBitmovinPlayer */ = {
			isa = PBXNativeTarget;
			buildConfigurationList = C94FEA5E2D12EE7200C187FF /* Build configuration list for PBXNativeTarget "MyBitmovinPlayer" */;
			buildPhases = (
				5D2CFB4ACE935DC5FEA375D4 /* [CP] Check Pods Manifest.lock */,
				C94FEA352D12EE7100C187FF /* Sources */,
				C94FEA362D12EE7100C187FF /* Frameworks */,
				C94FEA372D12EE7100C187FF /* Resources */,
				F8ED5B89C431B1692601E7D3 /* [CP] Embed Pods Frameworks */,
				C94FEAD42D131EA000C187FF /* Embed Frameworks */,
			);
			buildRules = (
			);
			dependencies = (
			);
			fileSystemSynchronizedGroups = (
				C94FEA3B2D12EE7100C187FF /* MyBitmovinPlayer */,
			);
			name = MyBitmovinPlayer;
			productName = MyBitmovinPlayer;
			productReference = C94FEA392D12EE7100C187FF /* MyBitmovinPlayer.app */;
			productType = "com.apple.product-type.application";
		};
		C94FEA492D12EE7200C187FF /* MyBitmovinPlayerTests */ = {
			isa = PBXNativeTarget;
			buildConfigurationList = C94FEA612D12EE7200C187FF /* Build configuration list for PBXNativeTarget "MyBitmovinPlayerTests" */;
			buildPhases = (
				C94FEA462D12EE7200C187FF /* Sources */,
				C94FEA472D12EE7200C187FF /* Frameworks */,
				C94FEA482D12EE7200C187FF /* Resources */,
			);
			buildRules = (
			);
			dependencies = (
				C94FEA4C2D12EE7200C187FF /* PBXTargetDependency */,
			);
			fileSystemSynchronizedGroups = (
				C94FEA4D2D12EE7200C187FF /* MyBitmovinPlayerTests */,
			);
			name = MyBitmovinPlayerTests;
			productName = MyBitmovinPlayerTests;
			productReference = C94FEA4A2D12EE7200C187FF /* MyBitmovinPlayerTests.xctest */;
			productType = "com.apple.product-type.bundle.unit-test";
		};
		C94FEA532D12EE7200C187FF /* MyBitmovinPlayerUITests */ = {
			isa = PBXNativeTarget;
			buildConfigurationList = C94FEA642D12EE7200C187FF /* Build configuration list for PBXNativeTarget "MyBitmovinPlayerUITests" */;
			buildPhases = (
				C94FEA502D12EE7200C187FF /* Sources */,
				C94FEA512D12EE7200C187FF /* Frameworks */,
				C94FEA522D12EE7200C187FF /* Resources */,
			);
			buildRules = (
			);
			dependencies = (
				C94FEA562D12EE7200C187FF /* PBXTargetDependency */,
			);
			fileSystemSynchronizedGroups = (
				C94FEA572D12EE7200C187FF /* MyBitmovinPlayerUITests */,
			);
			name = MyBitmovinPlayerUITests;
			productName = MyBitmovinPlayerUITests;
			productReference = C94FEA542D12EE7200C187FF /* MyBitmovinPlayerUITests.xctest */;
			productType = "com.apple.product-type.bundle.ui-testing";
		};
/* End PBXNativeTarget section */

/* Begin PBXProject section */
		C94FEA312D12EE7100C187FF /* Project object */ = {
			isa = PBXProject;
			attributes = {
				BuildIndependentTargetsInParallel = 1;
				LastSwiftUpdateCheck = 1610;
				LastUpgradeCheck = 1610;
				TargetAttributes = {
					C94FEA382D12EE7100C187FF = {
						CreatedOnToolsVersion = 16.1;
					};
					C94FEA492D12EE7200C187FF = {
						CreatedOnToolsVersion = 16.1;
						TestTargetID = C94FEA382D12EE7100C187FF;
					};
					C94FEA532D12EE7200C187FF = {
						CreatedOnToolsVersion = 16.1;
						TestTargetID = C94FEA382D12EE7100C187FF;
					};
				};
			};
			buildConfigurationList = C94FEA342D12EE7100C187FF /* Build configuration list for PBXProject "MyBitmovinPlayer" */;
			developmentRegion = en;
			hasScannedForEncodings = 0;
			knownRegions = (
				en,
				Base,
			);
			mainGroup = C94FEA302D12EE7100C187FF;
			minimizedProjectReferenceProxies = 1;
			preferredProjectObjectVersion = 77;
			productRefGroup = C94FEA3A2D12EE7100C187FF /* Products */;
			projectDirPath = "";
			projectRoot = "";
			targets = (
				C94FEA382D12EE7100C187FF /* MyBitmovinPlayer */,
				C94FEA492D12EE7200C187FF /* MyBitmovinPlayerTests */,
				C94FEA532D12EE7200C187FF /* MyBitmovinPlayerUITests */,
			);
		};
/* End PBXProject section */

/* Begin PBXResourcesBuildPhase section */
		C94FEA372D12EE7100C187FF /* Resources */ = {
			isa = PBXResourcesBuildPhase;
			buildActionMask = 2147483647;
			files = (
			);
			runOnlyForDeploymentPostprocessing = 0;
		};
		C94FEA482D12EE7200C187FF /* Resources */ = {
			isa = PBXResourcesBuildPhase;
			buildActionMask = 2147483647;
			files = (
			);
			runOnlyForDeploymentPostprocessing = 0;
		};
		C94FEA522D12EE7200C187FF /* Resources */ = {
			isa = PBXResourcesBuildPhase;
			buildActionMask = 2147483647;
			files = (
			);
			runOnlyForDeploymentPostprocessing = 0;
		};
/* End PBXResourcesBuildPhase section */

/* Begin PBXShellScriptBuildPhase section */
		5D2CFB4ACE935DC5FEA375D4 /* [CP] Check Pods Manifest.lock */ = {
			isa = PBXShellScriptBuildPhase;
			buildActionMask = 2147483647;
			files = (
			);
			inputFileListPaths = (
			);
			inputPaths = (
				"${PODS_PODFILE_DIR_PATH}/Podfile.lock",
				"${PODS_ROOT}/Manifest.lock",
			);
			name = "[CP] Check Pods Manifest.lock";
			outputFileListPaths = (
			);
			outputPaths = (
				"$(DERIVED_FILE_DIR)/Pods-MyBitmovinPlayer-checkManifestLockResult.txt",
			);
			runOnlyForDeploymentPostprocessing = 0;
			shellPath = /bin/sh;
			shellScript = "diff \"${PODS_PODFILE_DIR_PATH}/Podfile.lock\" \"${PODS_ROOT}/Manifest.lock\" > /dev/null\nif [ $? != 0 ] ; then\n    # print error to STDERR\n    echo \"error: The sandbox is not in sync with the Podfile.lock. Run 'pod install' or update your CocoaPods installation.\" >&2\n    exit 1\nfi\n# This output is used by Xcode 'outputs' to avoid re-running this script phase.\necho \"SUCCESS\" > \"${SCRIPT_OUTPUT_FILE_0}\"\n";
			showEnvVarsInLog = 0;
		};
		F8ED5B89C431B1692601E7D3 /* [CP] Embed Pods Frameworks */ = {
			isa = PBXShellScriptBuildPhase;
			buildActionMask = 2147483647;
			files = (
			);
			inputFileListPaths = (
				"${PODS_ROOT}/Target Support Files/Pods-MyBitmovinPlayer/Pods-MyBitmovinPlayer-frameworks-${CONFIGURATION}-input-files.xcfilelist",
			);
			name = "[CP] Embed Pods Frameworks";
			outputFileListPaths = (
				"${PODS_ROOT}/Target Support Files/Pods-MyBitmovinPlayer/Pods-MyBitmovinPlayer-frameworks-${CONFIGURATION}-output-files.xcfilelist",
			);
			runOnlyForDeploymentPostprocessing = 0;
			shellPath = /bin/sh;
			shellScript = "\"${PODS_ROOT}/Target Support Files/Pods-MyBitmovinPlayer/Pods-MyBitmovinPlayer-frameworks.sh\"\n";
			showEnvVarsInLog = 0;
		};
/* End PBXShellScriptBuildPhase section */

/* Begin PBXSourcesBuildPhase section */
		C94FEA352D12EE7100C187FF /* Sources */ = {
			isa = PBXSourcesBuildPhase;
			buildActionMask = 2147483647;
			files = (
			);
			runOnlyForDeploymentPostprocessing = 0;
		};
		C94FEA462D12EE7200C187FF /* Sources */ = {
			isa = PBXSourcesBuildPhase;
			buildActionMask = 2147483647;
			files = (
			);
			runOnlyForDeploymentPostprocessing = 0;
		};
		C94FEA502D12EE7200C187FF /* Sources */ = {
			isa = PBXSourcesBuildPhase;
			buildActionMask = 2147483647;
			files = (
			);
			runOnlyForDeploymentPostprocessing = 0;
		};
/* End PBXSourcesBuildPhase section */

/* Begin PBXTargetDependency section */
		C94FEA4C2D12EE7200C187FF /* PBXTargetDependency */ = {
			isa = PBXTargetDependency;
			target = C94FEA382D12EE7100C187FF /* MyBitmovinPlayer */;
			targetProxy = C94FEA4B2D12EE7200C187FF /* PBXContainerItemProxy */;
		};
		C94FEA562D12EE7200C187FF /* PBXTargetDependency */ = {
			isa = PBXTargetDependency;
			target = C94FEA382D12EE7100C187FF /* MyBitmovinPlayer */;
			targetProxy = C94FEA552D12EE7200C187FF /* PBXContainerItemProxy */;
		};
/* End PBXTargetDependency section */

/* Begin XCBuildConfiguration section */
		C94FEA5C2D12EE7200C187FF /* Debug */ = {
			isa = XCBuildConfiguration;
			buildSettings = {
				ALWAYS_SEARCH_USER_PATHS = NO;
				ASSETCATALOG_COMPILER_GENERATE_SWIFT_ASSET_SYMBOL_EXTENSIONS = YES;
				CLANG_ANALYZER_NONNULL = YES;
				CLANG_ANALYZER_NUMBER_OBJECT_CONVERSION = YES_AGGRESSIVE;
				CLANG_CXX_LANGUAGE_STANDARD = "gnu++20";
				CLANG_ENABLE_MODULES = YES;
				CLANG_ENABLE_OBJC_ARC = YES;
				CLANG_ENABLE_OBJC_WEAK = YES;
				CLANG_WARN_BLOCK_CAPTURE_AUTORELEASING = YES;
				CLANG_WARN_BOOL_CONVERSION = YES;
				CLANG_WARN_COMMA = YES;
				CLANG_WARN_CONSTANT_CONVERSION = YES;
				CLANG_WARN_DEPRECATED_OBJC_IMPLEMENTATIONS = YES;
				CLANG_WARN_DIRECT_OBJC_ISA_USAGE = YES_ERROR;
				CLANG_WARN_DOCUMENTATION_COMMENTS = YES;
				CLANG_WARN_EMPTY_BODY = YES;
				CLANG_WARN_ENUM_CONVERSION = YES;
				CLANG_WARN_INFINITE_RECURSION = YES;
				CLANG_WARN_INT_CONVERSION = YES;
				CLANG_WARN_NON_LITERAL_NULL_CONVERSION = YES;
				CLANG_WARN_OBJC_IMPLICIT_RETAIN_SELF = YES;
				CLANG_WARN_OBJC_LITERAL_CONVERSION = YES;
				CLANG_WARN_OBJC_ROOT_CLASS = YES_ERROR;
				CLANG_WARN_QUOTED_INCLUDE_IN_FRAMEWORK_HEADER = YES;
				CLANG_WARN_RANGE_LOOP_ANALYSIS = YES;
				CLANG_WARN_STRICT_PROTOTYPES = YES;
				CLANG_WARN_SUSPICIOUS_MOVE = YES;
				CLANG_WARN_UNGUARDED_AVAILABILITY = YES_AGGRESSIVE;
				CLANG_WARN_UNREACHABLE_CODE = YES;
				CLANG_WARN__DUPLICATE_METHOD_MATCH = YES;
				COPY_PHASE_STRIP = NO;
				DEBUG_INFORMATION_FORMAT = dwarf;
				ENABLE_STRICT_OBJC_MSGSEND = YES;
				ENABLE_TESTABILITY = YES;
				ENABLE_USER_SCRIPT_SANDBOXING = YES;
				GCC_C_LANGUAGE_STANDARD = gnu17;
				GCC_DYNAMIC_NO_PIC = NO;
				GCC_NO_COMMON_BLOCKS = YES;
				GCC_OPTIMIZATION_LEVEL = 0;
				GCC_PREPROCESSOR_DEFINITIONS = (
					"DEBUG=1",
					"$(inherited)",
				);
				GCC_WARN_64_TO_32_BIT_CONVERSION = YES;
				GCC_WARN_ABOUT_RETURN_TYPE = YES_ERROR;
				GCC_WARN_UNDECLARED_SELECTOR = YES;
				GCC_WARN_UNINITIALIZED_AUTOS = YES_AGGRESSIVE;
				GCC_WARN_UNUSED_FUNCTION = YES;
				GCC_WARN_UNUSED_VARIABLE = YES;
				LOCALIZATION_PREFERS_STRING_CATALOGS = YES;
				MTL_ENABLE_DEBUG_INFO = INCLUDE_SOURCE;
				MTL_FAST_MATH = YES;
				ONLY_ACTIVE_ARCH = YES;
				SWIFT_ACTIVE_COMPILATION_CONDITIONS = "DEBUG $(inherited)";
				SWIFT_OPTIMIZATION_LEVEL = "-Onone";
			};
			name = Debug;
		};
		C94FEA5D2D12EE7200C187FF /* Release */ = {
			isa = XCBuildConfiguration;
			buildSettings = {
				ALWAYS_SEARCH_USER_PATHS = NO;
				ASSETCATALOG_COMPILER_GENERATE_SWIFT_ASSET_SYMBOL_EXTENSIONS = YES;
				CLANG_ANALYZER_NONNULL = YES;
				CLANG_ANALYZER_NUMBER_OBJECT_CONVERSION = YES_AGGRESSIVE;
				CLANG_CXX_LANGUAGE_STANDARD = "gnu++20";
				CLANG_ENABLE_MODULES = YES;
				CLANG_ENABLE_OBJC_ARC = YES;
				CLANG_ENABLE_OBJC_WEAK = YES;
				CLANG_WARN_BLOCK_CAPTURE_AUTORELEASING = YES;
				CLANG_WARN_BOOL_CONVERSION = YES;
				CLANG_WARN_COMMA = YES;
				CLANG_WARN_CONSTANT_CONVERSION = YES;
				CLANG_WARN_DEPRECATED_OBJC_IMPLEMENTATIONS = YES;
				CLANG_WARN_DIRECT_OBJC_ISA_USAGE = YES_ERROR;
				CLANG_WARN_DOCUMENTATION_COMMENTS = YES;
				CLANG_WARN_EMPTY_BODY = YES;
				CLANG_WARN_ENUM_CONVERSION = YES;
				CLANG_WARN_INFINITE_RECURSION = YES;
				CLANG_WARN_INT_CONVERSION = YES;
				CLANG_WARN_NON_LITERAL_NULL_CONVERSION = YES;
				CLANG_WARN_OBJC_IMPLICIT_RETAIN_SELF = YES;
				CLANG_WARN_OBJC_LITERAL_CONVERSION = YES;
				CLANG_WARN_OBJC_ROOT_CLASS = YES_ERROR;
				CLANG_WARN_QUOTED_INCLUDE_IN_FRAMEWORK_HEADER = YES;
				CLANG_WARN_RANGE_LOOP_ANALYSIS = YES;
				CLANG_WARN_STRICT_PROTOTYPES = YES;
				CLANG_WARN_SUSPICIOUS_MOVE = YES;
				CLANG_WARN_UNGUARDED_AVAILABILITY = YES_AGGRESSIVE;
				CLANG_WARN_UNREACHABLE_CODE = YES;
				CLANG_WARN__DUPLICATE_METHOD_MATCH = YES;
				COPY_PHASE_STRIP = NO;
				DEBUG_INFORMATION_FORMAT = "dwarf-with-dsym";
				ENABLE_NS_ASSERTIONS = NO;
				ENABLE_STRICT_OBJC_MSGSEND = YES;
				ENABLE_USER_SCRIPT_SANDBOXING = YES;
				GCC_C_LANGUAGE_STANDARD = gnu17;
				GCC_NO_COMMON_BLOCKS = YES;
				GCC_WARN_64_TO_32_BIT_CONVERSION = YES;
				GCC_WARN_ABOUT_RETURN_TYPE = YES_ERROR;
				GCC_WARN_UNDECLARED_SELECTOR = YES;
				GCC_WARN_UNINITIALIZED_AUTOS = YES_AGGRESSIVE;
				GCC_WARN_UNUSED_FUNCTION = YES;
				GCC_WARN_UNUSED_VARIABLE = YES;
				LOCALIZATION_PREFERS_STRING_CATALOGS = YES;
				MTL_ENABLE_DEBUG_INFO = NO;
				MTL_FAST_MATH = YES;
				SWIFT_COMPILATION_MODE = wholemodule;
			};
			name = Release;
		};
		C94FEA5F2D12EE7200C187FF /* Debug */ = {
			isa = XCBuildConfiguration;
			baseConfigurationReference = 7A98DC21148477B8C1B066DE /* Pods-MyBitmovinPlayer.debug.xcconfig */;
			buildSettings = {
				ASSETCATALOG_COMPILER_APPICON_NAME = AppIcon;
				ASSETCATALOG_COMPILER_GLOBAL_ACCENT_COLOR_NAME = AccentColor;
				CODE_SIGN_ENTITLEMENTS = MyBitmovinPlayer/MyBitmovinPlayer.entitlements;
				CODE_SIGN_STYLE = Automatic;
				CURRENT_PROJECT_VERSION = 1;
				DEVELOPMENT_ASSET_PATHS = "\"MyBitmovinPlayer/Preview Content\"";
				DEVELOPMENT_TEAM = PPH9EJ7977;
				ENABLE_HARDENED_RUNTIME = YES;
				ENABLE_PREVIEWS = YES;
				ENABLE_USER_SCRIPT_SANDBOXING = NO;
				FRAMEWORK_SEARCH_PATHS = (
					"$(inherited)/**",
					"\"${PODS_ROOT}/BitmovinAnalyticsCollector\"/**",
					"\"${PODS_ROOT}/BitmovinPlayer\"/**",
					"\"${PODS_ROOT}/BitmovinPlayerCore\"/**",
					"\"${PODS_XCFRAMEWORKS_BUILD_DIR}/BitmovinAnalyticsCollector/BitmovinPlayer\"/**",
					"\"${PODS_XCFRAMEWORKS_BUILD_DIR}/BitmovinAnalyticsCollector/Core\"/**",
					"\"${PODS_XCFRAMEWORKS_BUILD_DIR}/BitmovinPlayer\"/**",
					"\"${PODS_XCFRAMEWORKS_BUILD_DIR}/BitmovinPlayerCore\"/**",
				);
				GENERATE_INFOPLIST_FILE = YES;
				INFOPLIST_FILE = MyBitmovinPlayer/Info.plist;
				"INFOPLIST_KEY_UIApplicationSceneManifest_Generation[sdk=iphoneos*]" = YES;
				"INFOPLIST_KEY_UIApplicationSceneManifest_Generation[sdk=iphonesimulator*]" = YES;
				"INFOPLIST_KEY_UIApplicationSupportsIndirectInputEvents[sdk=iphoneos*]" = YES;
				"INFOPLIST_KEY_UIApplicationSupportsIndirectInputEvents[sdk=iphonesimulator*]" = YES;
				"INFOPLIST_KEY_UILaunchScreen_Generation[sdk=iphoneos*]" = YES;
				"INFOPLIST_KEY_UILaunchScreen_Generation[sdk=iphonesimulator*]" = YES;
				"INFOPLIST_KEY_UIStatusBarStyle[sdk=iphoneos*]" = UIStatusBarStyleDefault;
				"INFOPLIST_KEY_UIStatusBarStyle[sdk=iphonesimulator*]" = UIStatusBarStyleDefault;
				INFOPLIST_KEY_UISupportedInterfaceOrientations_iPad = "UIInterfaceOrientationPortrait UIInterfaceOrientationPortraitUpsideDown UIInterfaceOrientationLandscapeLeft UIInterfaceOrientationLandscapeRight";
				INFOPLIST_KEY_UISupportedInterfaceOrientations_iPhone = "UIInterfaceOrientationPortrait UIInterfaceOrientationLandscapeLeft UIInterfaceOrientationLandscapeRight";
				IPHONEOS_DEPLOYMENT_TARGET = 18.1;
				LD_RUNPATH_SEARCH_PATHS = "@executable_path/Frameworks";
				"LD_RUNPATH_SEARCH_PATHS[sdk=macosx*]" = "@executable_path/../Frameworks";
				MACOSX_DEPLOYMENT_TARGET = 14.7;
				MARKETING_VERSION = 1.0;
				PRODUCT_BUNDLE_IDENTIFIER = com.example.MyBitmovinPlayer;
				PRODUCT_NAME = "$(TARGET_NAME)";
				SDKROOT = auto;
				SUPPORTED_PLATFORMS = "iphoneos iphonesimulator macosx xros xrsimulator";
				SWIFT_EMIT_LOC_STRINGS = YES;
				SWIFT_VERSION = 5.0;
				TARGETED_DEVICE_FAMILY = "1,2,7";
				XROS_DEPLOYMENT_TARGET = 2.1;
			};
			name = Debug;
		};
		C94FEA602D12EE7200C187FF /* Release */ = {
			isa = XCBuildConfiguration;
			baseConfigurationReference = 4E2A49D6EC6AE1F0F72F54DD /* Pods-MyBitmovinPlayer.release.xcconfig */;
			buildSettings = {
				ASSETCATALOG_COMPILER_APPICON_NAME = AppIcon;
				ASSETCATALOG_COMPILER_GLOBAL_ACCENT_COLOR_NAME = AccentColor;
				CODE_SIGN_ENTITLEMENTS = MyBitmovinPlayer/MyBitmovinPlayer.entitlements;
				CODE_SIGN_STYLE = Automatic;
				CURRENT_PROJECT_VERSION = 1;
				DEVELOPMENT_ASSET_PATHS = "\"MyBitmovinPlayer/Preview Content\"";
				DEVELOPMENT_TEAM = PPH9EJ7977;
				ENABLE_HARDENED_RUNTIME = YES;
				ENABLE_PREVIEWS = YES;
				ENABLE_USER_SCRIPT_SANDBOXING = NO;
				GENERATE_INFOPLIST_FILE = YES;
				INFOPLIST_FILE = MyBitmovinPlayer/Info.plist;
				"INFOPLIST_KEY_UIApplicationSceneManifest_Generation[sdk=iphoneos*]" = YES;
				"INFOPLIST_KEY_UIApplicationSceneManifest_Generation[sdk=iphonesimulator*]" = YES;
				"INFOPLIST_KEY_UIApplicationSupportsIndirectInputEvents[sdk=iphoneos*]" = YES;
				"INFOPLIST_KEY_UIApplicationSupportsIndirectInputEvents[sdk=iphonesimulator*]" = YES;
				"INFOPLIST_KEY_UILaunchScreen_Generation[sdk=iphoneos*]" = YES;
				"INFOPLIST_KEY_UILaunchScreen_Generation[sdk=iphonesimulator*]" = YES;
				"INFOPLIST_KEY_UIStatusBarStyle[sdk=iphoneos*]" = UIStatusBarStyleDefault;
				"INFOPLIST_KEY_UIStatusBarStyle[sdk=iphonesimulator*]" = UIStatusBarStyleDefault;
				INFOPLIST_KEY_UISupportedInterfaceOrientations_iPad = "UIInterfaceOrientationPortrait UIInterfaceOrientationPortraitUpsideDown UIInterfaceOrientationLandscapeLeft UIInterfaceOrientationLandscapeRight";
				INFOPLIST_KEY_UISupportedInterfaceOrientations_iPhone = "UIInterfaceOrientationPortrait UIInterfaceOrientationLandscapeLeft UIInterfaceOrientationLandscapeRight";
				IPHONEOS_DEPLOYMENT_TARGET = 18.1;
				LD_RUNPATH_SEARCH_PATHS = "@executable_path/Frameworks";
				"LD_RUNPATH_SEARCH_PATHS[sdk=macosx*]" = "@executable_path/../Frameworks";
				MACOSX_DEPLOYMENT_TARGET = 14.7;
				MARKETING_VERSION = 1.0;
				PRODUCT_BUNDLE_IDENTIFIER = com.example.MyBitmovinPlayer;
				PRODUCT_NAME = "$(TARGET_NAME)";
				SDKROOT = auto;
				SUPPORTED_PLATFORMS = "iphoneos iphonesimulator macosx xros xrsimulator";
				SWIFT_EMIT_LOC_STRINGS = YES;
				SWIFT_VERSION = 5.0;
				TARGETED_DEVICE_FAMILY = "1,2,7";
				XROS_DEPLOYMENT_TARGET = 2.1;
			};
			name = Release;
		};
		C94FEA622D12EE7200C187FF /* Debug */ = {
			isa = XCBuildConfiguration;
			buildSettings = {
				BUNDLE_LOADER = "$(TEST_HOST)";
				CODE_SIGN_STYLE = Automatic;
				CURRENT_PROJECT_VERSION = 1;
				DEVELOPMENT_TEAM = PPH9EJ7977;
				GENERATE_INFOPLIST_FILE = YES;
				IPHONEOS_DEPLOYMENT_TARGET = 18.1;
				MACOSX_DEPLOYMENT_TARGET = 14.7;
				MARKETING_VERSION = 1.0;
				PRODUCT_BUNDLE_IDENTIFIER = com.example.MyBitmovinPlayerTests;
				PRODUCT_NAME = "$(TARGET_NAME)";
				SDKROOT = auto;
				SUPPORTED_PLATFORMS = "iphoneos iphonesimulator macosx xros xrsimulator";
				SWIFT_EMIT_LOC_STRINGS = NO;
				SWIFT_VERSION = 5.0;
				TARGETED_DEVICE_FAMILY = "1,2,7";
				TEST_HOST = "$(BUILT_PRODUCTS_DIR)/MyBitmovinPlayer.app/$(BUNDLE_EXECUTABLE_FOLDER_PATH)/MyBitmovinPlayer";
				XROS_DEPLOYMENT_TARGET = 2.1;
			};
			name = Debug;
		};
		C94FEA632D12EE7200C187FF /* Release */ = {
			isa = XCBuildConfiguration;
			buildSettings = {
				BUNDLE_LOADER = "$(TEST_HOST)";
				CODE_SIGN_STYLE = Automatic;
				CURRENT_PROJECT_VERSION = 1;
				DEVELOPMENT_TEAM = PPH9EJ7977;
				GENERATE_INFOPLIST_FILE = YES;
				IPHONEOS_DEPLOYMENT_TARGET = 18.1;
				MACOSX_DEPLOYMENT_TARGET = 14.7;
				MARKETING_VERSION = 1.0;
				PRODUCT_BUNDLE_IDENTIFIER = com.example.MyBitmovinPlayerTests;
				PRODUCT_NAME = "$(TARGET_NAME)";
				SDKROOT = auto;
				SUPPORTED_PLATFORMS = "iphoneos iphonesimulator macosx xros xrsimulator";
				SWIFT_EMIT_LOC_STRINGS = NO;
				SWIFT_VERSION = 5.0;
				TARGETED_DEVICE_FAMILY = "1,2,7";
				TEST_HOST = "$(BUILT_PRODUCTS_DIR)/MyBitmovinPlayer.app/$(BUNDLE_EXECUTABLE_FOLDER_PATH)/MyBitmovinPlayer";
				XROS_DEPLOYMENT_TARGET = 2.1;
			};
			name = Release;
		};
		C94FEA652D12EE7200C187FF /* Debug */ = {
			isa = XCBuildConfiguration;
			buildSettings = {
				CODE_SIGN_STYLE = Automatic;
				CURRENT_PROJECT_VERSION = 1;
				DEVELOPMENT_TEAM = PPH9EJ7977;
				GENERATE_INFOPLIST_FILE = YES;
				IPHONEOS_DEPLOYMENT_TARGET = 18.1;
				MACOSX_DEPLOYMENT_TARGET = 14.7;
				MARKETING_VERSION = 1.0;
				PRODUCT_BUNDLE_IDENTIFIER = com.example.MyBitmovinPlayerUITests;
				PRODUCT_NAME = "$(TARGET_NAME)";
				SDKROOT = auto;
				SUPPORTED_PLATFORMS = "iphoneos iphonesimulator macosx xros xrsimulator";
				SWIFT_EMIT_LOC_STRINGS = NO;
				SWIFT_VERSION = 5.0;
				TARGETED_DEVICE_FAMILY = "1,2,7";
				TEST_TARGET_NAME = MyBitmovinPlayer;
				XROS_DEPLOYMENT_TARGET = 2.1;
			};
			name = Debug;
		};
		C94FEA662D12EE7200C187FF /* Release */ = {
			isa = XCBuildConfiguration;
			buildSettings = {
				CODE_SIGN_STYLE = Automatic;
				CURRENT_PROJECT_VERSION = 1;
				DEVELOPMENT_TEAM = PPH9EJ7977;
				GENERATE_INFOPLIST_FILE = YES;
				IPHONEOS_DEPLOYMENT_TARGET = 18.1;
				MACOSX_DEPLOYMENT_TARGET = 14.7;
				MARKETING_VERSION = 1.0;
				PRODUCT_BUNDLE_IDENTIFIER = com.example.MyBitmovinPlayerUITests;
				PRODUCT_NAME = "$(TARGET_NAME)";
				SDKROOT = auto;
				SUPPORTED_PLATFORMS = "iphoneos iphonesimulator macosx xros xrsimulator";
				SWIFT_EMIT_LOC_STRINGS = NO;
				SWIFT_VERSION = 5.0;
				TARGETED_DEVICE_FAMILY = "1,2,7";
				TEST_TARGET_NAME = MyBitmovinPlayer;
				XROS_DEPLOYMENT_TARGET = 2.1;
			};
			name = Release;
		};
/* End XCBuildConfiguration section */

/* Begin XCConfigurationList section */
		C94FEA342D12EE7100C187FF /* Build configuration list for PBXProject "MyBitmovinPlayer" */ = {
			isa = XCConfigurationList;
			buildConfigurations = (
				C94FEA5C2D12EE7200C187FF /* Debug */,
				C94FEA5D2D12EE7200C187FF /* Release */,
			);
			defaultConfigurationIsVisible = 0;
			defaultConfigurationName = Release;
		};
		C94FEA5E2D12EE7200C187FF /* Build configuration list for PBXNativeTarget "MyBitmovinPlayer" */ = {
			isa = XCConfigurationList;
			buildConfigurations = (
				C94FEA5F2D12EE7200C187FF /* Debug */,
				C94FEA602D12EE7200C187FF /* Release */,
			);
			defaultConfigurationIsVisible = 0;
			defaultConfigurationName = Release;
		};
		C94FEA612D12EE7200C187FF /* Build configuration list for PBXNativeTarget "MyBitmovinPlayerTests" */ = {
			isa = XCConfigurationList;
			buildConfigurations = (
				C94FEA622D12EE7200C187FF /* Debug */,
				C94FEA632D12EE7200C187FF /* Release */,
			);
			defaultConfigurationIsVisible = 0;
			defaultConfigurationName = Release;
		};
		C94FEA642D12EE7200C187FF /* Build configuration list for PBXNativeTarget "MyBitmovinPlayerUITests" */ = {
			isa = XCConfigurationList;
			buildConfigurations = (
				C94FEA652D12EE7200C187FF /* Debug */,
				C94FEA662D12EE7200C187FF /* Release */,
			);
			defaultConfigurationIsVisible = 0;
			defaultConfigurationName = Release;
		};
/* End XCConfigurationList section */
	};
	rootObject = C94FEA312D12EE7100C187FF /* Project object */;
}
